
Microsoft Visual Studio Solution File, Format Version 12.00
# Visual Studio 15
VisualStudioVersion = 15.0.26403.3
MinimumVisualStudioVersion = 10.0.40219.1
Project("{FAE04EC0-301F-11D3-BF4B-00C04F79EFBC}") = "Task 1", "Task 1\Task 1.csproj", "{D56E599E-44E6-45A8-952B-6101ABEFC597}"
EndProject
Project("{FAE04EC0-301F-11D3-BF4B-00C04F79EFBC}") = "Task 2", "Task 2\Task 2.csproj", "{35CBE74C-07C4-44D4-8BCE-AC8CBA37EB84}"
EndProject
Project("{FAE04EC0-301F-11D3-BF4B-00C04F79EFBC}") = "Task 3", "Task 3\Task 3.csproj", "{C0F12CFA-27AB-463D-87DC-58E583F98866}"
EndProject
Project("{FAE04EC0-301F-11D3-BF4B-00C04F79EFBC}") = "LabFunctions", "LabFunctions\LabFunctions.csproj", "{74B7C380-AFDC-4746-8775-D7BB49968238}"
EndProject
Project("{FAE04EC0-301F-11D3-BF4B-00C04F79EFBC}") = "Task 4", "Task 4\Task 4.csproj", "{DDE56F99-84D4-403C-9618-A79B912E7AE8}"
EndProject
Project("{FAE04EC0-301F-11D3-BF4B-00C04F79EFBC}") = "Task 5", "Task 5\Task 5.csproj", "{37D3D5F0-42EF-48BB-A8E2-FEC32A1DBFA8}"
EndProject
Project("{FAE04EC0-301F-11D3-BF4B-00C04F79EFBC}") = "Task 6", "Task 6\Task 6.csproj", "{EF114421-C9D1-4E7A-9529-E332156F9C92}"
EndProject
Project("{FAE04EC0-301F-11D3-BF4B-00C04F79EFBC}") = "Task 7", "Task 7\Task 7.csproj", "{28246F67-7B17-4F36-B6CF-1AC9662CE6D7}"
EndProject
Project("{FAE04EC0-301F-11D3-BF4B-00C04F79EFBC}") = "Task 9", "Task 9\Task 9.csproj", "{AD5E6254-2621-42D1-B582-315B0BC9EA3B}"
EndProject
Project("{FAE04EC0-301F-11D3-BF4B-00C04F79EFBC}") = "Task 8", "Task 8\Task 8.csproj", "{A838788E-B873-438B-B164-C0CFB94982C8}"
EndProject
Project("{FAE04EC0-301F-11D3-BF4B-00C04F79EFBC}") = "Task 10", "Task 10\Task 10.csproj", "{F3A2589D-DE66-4BB4-BDD3-AC5DE0DC6978}"
EndProject
Project("{FAE04EC0-301F-11D3-BF4B-00C04F79EFBC}") = "Task 11", "Task 11\Task 11.csproj", "{6E0001BB-8391-4B88-A23C-7F23D54E4135}"
EndProject
Project("{FAE04EC0-301F-11D3-BF4B-00C04F79EFBC}") = "Task 12", "Task 12\Task 12.csproj", "{6DF25951-5C43-4993-BEFD-4300A24CB27B}"
EndProject
Global
	GlobalSection(SolutionConfigurationPlatforms) = preSolution
		Debug|Any CPU = Debug|Any CPU
		Release|Any CPU = Release|Any CPU
	EndGlobalSection
	GlobalSection(ProjectConfigurationPlatforms) = postSolution
		{D56E599E-44E6-45A8-952B-6101ABEFC597}.Debug|Any CPU.ActiveCfg = Debug|Any CPU
		{D56E599E-44E6-45A8-952B-6101ABEFC597}.Debug|Any CPU.Build.0 = Debug|Any CPU
		{D56E599E-44E6-45A8-952B-6101ABEFC597}.Release|Any CPU.ActiveCfg = Release|Any CPU
		{D56E599E-44E6-45A8-952B-6101ABEFC597}.Release|Any CPU.Build.0 = Release|Any CPU
		{35CBE74C-07C4-44D4-8BCE-AC8CBA37EB84}.Debug|Any CPU.ActiveCfg = Debug|Any CPU
		{35CBE74C-07C4-44D4-8BCE-AC8CBA37EB84}.Debug|Any CPU.Build.0 = Debug|Any CPU
		{35CBE74C-07C4-44D4-8BCE-AC8CBA37EB84}.Release|Any CPU.ActiveCfg = Release|Any CPU
		{35CBE74C-07C4-44D4-8BCE-AC8CBA37EB84}.Release|Any CPU.Build.0 = Release|Any CPU
		{C0F12CFA-27AB-463D-87DC-58E583F98866}.Debug|Any CPU.ActiveCfg = Debug|Any CPU
		{C0F12CFA-27AB-463D-87DC-58E583F98866}.Debug|Any CPU.Build.0 = Debug|Any CPU
		{C0F12CFA-27AB-463D-87DC-58E583F98866}.Release|Any CPU.ActiveCfg = Release|Any CPU
		{C0F12CFA-27AB-463D-87DC-58E583F98866}.Release|Any CPU.Build.0 = Release|Any CPU
		{74B7C380-AFDC-4746-8775-D7BB49968238}.Debug|Any CPU.ActiveCfg = Debug|Any CPU
		{74B7C380-AFDC-4746-8775-D7BB49968238}.Debug|Any CPU.Build.0 = Debug|Any CPU
		{74B7C380-AFDC-4746-8775-D7BB49968238}.Release|Any CPU.ActiveCfg = Release|Any CPU
		{74B7C380-AFDC-4746-8775-D7BB49968238}.Release|Any CPU.Build.0 = Release|Any CPU
		{DDE56F99-84D4-403C-9618-A79B912E7AE8}.Debug|Any CPU.ActiveCfg = Debug|Any CPU
		{DDE56F99-84D4-403C-9618-A79B912E7AE8}.Debug|Any CPU.Build.0 = Debug|Any CPU
		{DDE56F99-84D4-403C-9618-A79B912E7AE8}.Release|Any CPU.ActiveCfg = Release|Any CPU
		{DDE56F99-84D4-403C-9618-A79B912E7AE8}.Release|Any CPU.Build.0 = Release|Any CPU
		{37D3D5F0-42EF-48BB-A8E2-FEC32A1DBFA8}.Debug|Any CPU.ActiveCfg = Debug|Any CPU
		{37D3D5F0-42EF-48BB-A8E2-FEC32A1DBFA8}.Debug|Any CPU.Build.0 = Debug|Any CPU
		{37D3D5F0-42EF-48BB-A8E2-FEC32A1DBFA8}.Release|Any CPU.ActiveCfg = Release|Any CPU
		{37D3D5F0-42EF-48BB-A8E2-FEC32A1DBFA8}.Release|Any CPU.Build.0 = Release|Any CPU
		{EF114421-C9D1-4E7A-9529-E332156F9C92}.Debug|Any CPU.ActiveCfg = Debug|Any CPU
		{EF114421-C9D1-4E7A-9529-E332156F9C92}.Debug|Any CPU.Build.0 = Debug|Any CPU
		{EF114421-C9D1-4E7A-9529-E332156F9C92}.Release|Any CPU.ActiveCfg = Release|Any CPU
		{EF114421-C9D1-4E7A-9529-E332156F9C92}.Release|Any CPU.Build.0 = Release|Any CPU
		{28246F67-7B17-4F36-B6CF-1AC9662CE6D7}.Debug|Any CPU.ActiveCfg = Debug|Any CPU
		{28246F67-7B17-4F36-B6CF-1AC9662CE6D7}.Debug|Any CPU.Build.0 = Debug|Any CPU
		{28246F67-7B17-4F36-B6CF-1AC9662CE6D7}.Release|Any CPU.ActiveCfg = Release|Any CPU
		{28246F67-7B17-4F36-B6CF-1AC9662CE6D7}.Release|Any CPU.Build.0 = Release|Any CPU
		{AD5E6254-2621-42D1-B582-315B0BC9EA3B}.Debug|Any CPU.ActiveCfg = Debug|Any CPU
		{AD5E6254-2621-42D1-B582-315B0BC9EA3B}.Debug|Any CPU.Build.0 = Debug|Any CPU
		{AD5E6254-2621-42D1-B582-315B0BC9EA3B}.Release|Any CPU.ActiveCfg = Release|Any CPU
		{AD5E6254-2621-42D1-B582-315B0BC9EA3B}.Release|Any CPU.Build.0 = Release|Any CPU
		{A838788E-B873-438B-B164-C0CFB94982C8}.Debug|Any CPU.ActiveCfg = Debug|Any CPU
		{A838788E-B873-438B-B164-C0CFB94982C8}.Debug|Any CPU.Build.0 = Debug|Any CPU
		{A838788E-B873-438B-B164-C0CFB94982C8}.Release|Any CPU.ActiveCfg = Release|Any CPU
		{A838788E-B873-438B-B164-C0CFB94982C8}.Release|Any CPU.Build.0 = Release|Any CPU
		{F3A2589D-DE66-4BB4-BDD3-AC5DE0DC6978}.Debug|Any CPU.ActiveCfg = Debug|Any CPU
		{F3A2589D-DE66-4BB4-BDD3-AC5DE0DC6978}.Debug|Any CPU.Build.0 = Debug|Any CPU
		{F3A2589D-DE66-4BB4-BDD3-AC5DE0DC6978}.Release|Any CPU.ActiveCfg = Release|Any CPU
		{F3A2589D-DE66-4BB4-BDD3-AC5DE0DC6978}.Release|Any CPU.Build.0 = Release|Any CPU
		{6E0001BB-8391-4B88-A23C-7F23D54E4135}.Debug|Any CPU.ActiveCfg = Debug|Any CPU
		{6E0001BB-8391-4B88-A23C-7F23D54E4135}.Debug|Any CPU.Build.0 = Debug|Any CPU
		{6E0001BB-8391-4B88-A23C-7F23D54E4135}.Release|Any CPU.ActiveCfg = Release|Any CPU
		{6E0001BB-8391-4B88-A23C-7F23D54E4135}.Release|Any CPU.Build.0 = Release|Any CPU
		{6DF25951-5C43-4993-BEFD-4300A24CB27B}.Debug|Any CPU.ActiveCfg = Debug|Any CPU
		{6DF25951-5C43-4993-BEFD-4300A24CB27B}.Debug|Any CPU.Build.0 = Debug|Any CPU
		{6DF25951-5C43-4993-BEFD-4300A24CB27B}.Release|Any CPU.ActiveCfg = Release|Any CPU
		{6DF25951-5C43-4993-BEFD-4300A24CB27B}.Release|Any CPU.Build.0 = Release|Any CPU
	EndGlobalSection
	GlobalSection(SolutionProperties) = preSolution
		HideSolutionNode = FALSE
	EndGlobalSection
EndGlobal
